
Microsoft Visual Studio Solution File, Format Version 12.00
# Visual Studio Version 17
VisualStudioVersion = 17.14.36414.22 d17.14
MinimumVisualStudioVersion = 10.0.40219.1
Project("{FAE04EC0-301F-11D3-BF4B-00C04F79EFBC}") = "Kanban.Backend", "Kanban.Backend.csproj", "{CD10127B-B4B9-EEB5-CC40-278E53EB6720}"
EndProject
Global
	GlobalSection(SolutionConfigurationPlatforms) = preSolution
		Debug|Any CPU = Debug|Any CPU
		Release|Any CPU = Release|Any CPU
	EndGlobalSection
	GlobalSection(ProjectConfigurationPlatforms) = postSolution
		{CD10127B-B4B9-EEB5-CC40-278E53EB6720}.Debug|Any CPU.ActiveCfg = Debug|Any CPU
		{CD10127B-B4B9-EEB5-CC40-278E53EB6720}.Debug|Any CPU.Build.0 = Debug|Any CPU
		{CD10127B-B4B9-EEB5-CC40-278E53EB6720}.Release|Any CPU.ActiveCfg = Release|Any CPU
		{CD10127B-B4B9-EEB5-CC40-278E53EB6720}.Release|Any CPU.Build.0 = Release|Any CPU
	EndGlobalSection
	GlobalSection(SolutionProperties) = preSolution
		HideSolutionNode = FALSE
	EndGlobalSection
	GlobalSection(ExtensibilityGlobals) = postSolution
		SolutionGuid = {444B1CF7-556D-4B5D-9178-827598462321}
	EndGlobalSection
EndGlobal
